
Microsoft Visual Studio Solution File, Format Version 12.00
# Visual Studio Version 17
VisualStudioVersion = 17.8.34322.80
MinimumVisualStudioVersion = 10.0.40219.1
Project("{8BC9CEB8-8B4A-11D0-8D11-00A0C91BC942}") = "17.04Car", "17.04Car\17.04Car.vcxproj", "{AEB63A75-0560-4A29-8F68-1B03784E8090}"
EndProject
Project("{8BC9CEB8-8B4A-11D0-8D11-00A0C91BC942}") = "m1", "m1\m1.vcxproj", "{0B29BBF2-03F8-43C6-B89A-BF980B3C70C0}"
EndProject
Global
	GlobalSection(SolutionConfigurationPlatforms) = preSolution
		Debug|x64 = Debug|x64
		Debug|x86 = Debug|x86
		Release|x64 = Release|x64
		Release|x86 = Release|x86
	EndGlobalSection
	GlobalSection(ProjectConfigurationPlatforms) = postSolution
		{AEB63A75-0560-4A29-8F68-1B03784E8090}.Debug|x64.ActiveCfg = Debug|x64
		{AEB63A75-0560-4A29-8F68-1B03784E8090}.Debug|x64.Build.0 = Debug|x64
		{AEB63A75-0560-4A29-8F68-1B03784E8090}.Debug|x86.ActiveCfg = Debug|Win32
		{AEB63A75-0560-4A29-8F68-1B03784E8090}.Debug|x86.Build.0 = Debug|Win32
		{AEB63A75-0560-4A29-8F68-1B03784E8090}.Release|x64.ActiveCfg = Release|x64
		{AEB63A75-0560-4A29-8F68-1B03784E8090}.Release|x64.Build.0 = Release|x64
		{AEB63A75-0560-4A29-8F68-1B03784E8090}.Release|x86.ActiveCfg = Release|Win32
		{AEB63A75-0560-4A29-8F68-1B03784E8090}.Release|x86.Build.0 = Release|Win32
		{0B29BBF2-03F8-43C6-B89A-BF980B3C70C0}.Debug|x64.ActiveCfg = Debug|x64
		{0B29BBF2-03F8-43C6-B89A-BF980B3C70C0}.Debug|x64.Build.0 = Debug|x64
		{0B29BBF2-03F8-43C6-B89A-BF980B3C70C0}.Debug|x86.ActiveCfg = Debug|Win32
		{0B29BBF2-03F8-43C6-B89A-BF980B3C70C0}.Debug|x86.Build.0 = Debug|Win32
		{0B29BBF2-03F8-43C6-B89A-BF980B3C70C0}.Release|x64.ActiveCfg = Release|x64
		{0B29BBF2-03F8-43C6-B89A-BF980B3C70C0}.Release|x64.Build.0 = Release|x64
		{0B29BBF2-03F8-43C6-B89A-BF980B3C70C0}.Release|x86.ActiveCfg = Release|Win32
		{0B29BBF2-03F8-43C6-B89A-BF980B3C70C0}.Release|x86.Build.0 = Release|Win32
	EndGlobalSection
	GlobalSection(SolutionProperties) = preSolution
		HideSolutionNode = FALSE
	EndGlobalSection
	GlobalSection(ExtensibilityGlobals) = postSolution
		SolutionGuid = {4EC1A898-7E97-4606-9B2F-7D71756EF6A8}
	EndGlobalSection
EndGlobal
